
Microsoft Visual Studio Solution File, Format Version 12.00
# Visual Studio Version 17
VisualStudioVersion = 17.7.34024.191
MinimumVisualStudioVersion = 10.0.40219.1
Project("{8BC9CEB8-8B4A-11D0-8D11-00A0C91BC942}") = "kr", "kr\kr.vcxproj", "{7E0B4730-F69D-45C2-A2AB-5A24EFD5B4F1}"
EndProject
Project("{8BC9CEB8-8B4A-11D0-8D11-00A0C91BC942}") = "kr1", "kr1\kr1.vcxproj", "{575FCF1C-EFB5-45BE-BE73-FE08DC595571}"
EndProject
Project("{8BC9CEB8-8B4A-11D0-8D11-00A0C91BC942}") = "kr2", "kr2\kr2.vcxproj", "{1ABF3E2A-7D24-40A6-A642-E6FF3C2960B0}"
EndProject
Project("{8BC9CEB8-8B4A-11D0-8D11-00A0C91BC942}") = "ConsoleApplication2", "..\ConsoleApplication2\ConsoleApplication2.vcxproj", "{9460FFB7-B8ED-4A14-9C39-4CB367252546}"
EndProject
Project("{8BC9CEB8-8B4A-11D0-8D11-00A0C91BC942}") = "5", "..\5\5.vcxproj", "{464A801C-A992-4955-8796-0E78B91760AB}"
EndProject
Project("{8BC9CEB8-8B4A-11D0-8D11-00A0C91BC942}") = "4", "..\4\4.vcxproj", "{98D464CE-2292-4AC5-BC66-58271815E6BD}"
EndProject
Project("{8BC9CEB8-8B4A-11D0-8D11-00A0C91BC942}") = "3", "..\3\3.vcxproj", "{4B07FEE6-07FE-44DA-8119-89260542B26D}"
EndProject
Project("{8BC9CEB8-8B4A-11D0-8D11-00A0C91BC942}") = "2", "..\2\2.vcxproj", "{2580505D-AA6D-4C84-A532-E31C3B36B4BA}"
EndProject
Project("{8BC9CEB8-8B4A-11D0-8D11-00A0C91BC942}") = "1", "..\1\1.vcxproj", "{3211DC4D-8849-47B7-8AB3-0CF0FC54254F}"
EndProject
Global
	GlobalSection(SolutionConfigurationPlatforms) = preSolution
		Debug|x64 = Debug|x64
		Debug|x86 = Debug|x86
		Release|x64 = Release|x64
		Release|x86 = Release|x86
	EndGlobalSection
	GlobalSection(ProjectConfigurationPlatforms) = postSolution
		{7E0B4730-F69D-45C2-A2AB-5A24EFD5B4F1}.Debug|x64.ActiveCfg = Debug|x64
		{7E0B4730-F69D-45C2-A2AB-5A24EFD5B4F1}.Debug|x64.Build.0 = Debug|x64
		{7E0B4730-F69D-45C2-A2AB-5A24EFD5B4F1}.Debug|x86.ActiveCfg = Debug|Win32
		{7E0B4730-F69D-45C2-A2AB-5A24EFD5B4F1}.Debug|x86.Build.0 = Debug|Win32
		{7E0B4730-F69D-45C2-A2AB-5A24EFD5B4F1}.Release|x64.ActiveCfg = Release|x64
		{7E0B4730-F69D-45C2-A2AB-5A24EFD5B4F1}.Release|x64.Build.0 = Release|x64
		{7E0B4730-F69D-45C2-A2AB-5A24EFD5B4F1}.Release|x86.ActiveCfg = Release|Win32
		{7E0B4730-F69D-45C2-A2AB-5A24EFD5B4F1}.Release|x86.Build.0 = Release|Win32
		{575FCF1C-EFB5-45BE-BE73-FE08DC595571}.Debug|x64.ActiveCfg = Debug|x64
		{575FCF1C-EFB5-45BE-BE73-FE08DC595571}.Debug|x64.Build.0 = Debug|x64
		{575FCF1C-EFB5-45BE-BE73-FE08DC595571}.Debug|x86.ActiveCfg = Debug|Win32
		{575FCF1C-EFB5-45BE-BE73-FE08DC595571}.Debug|x86.Build.0 = Debug|Win32
		{575FCF1C-EFB5-45BE-BE73-FE08DC595571}.Release|x64.ActiveCfg = Release|x64
		{575FCF1C-EFB5-45BE-BE73-FE08DC595571}.Release|x64.Build.0 = Release|x64
		{575FCF1C-EFB5-45BE-BE73-FE08DC595571}.Release|x86.ActiveCfg = Release|Win32
		{575FCF1C-EFB5-45BE-BE73-FE08DC595571}.Release|x86.Build.0 = Release|Win32
		{1ABF3E2A-7D24-40A6-A642-E6FF3C2960B0}.Debug|x64.ActiveCfg = Debug|x64
		{1ABF3E2A-7D24-40A6-A642-E6FF3C2960B0}.Debug|x64.Build.0 = Debug|x64
		{1ABF3E2A-7D24-40A6-A642-E6FF3C2960B0}.Debug|x86.ActiveCfg = Debug|Win32
		{1ABF3E2A-7D24-40A6-A642-E6FF3C2960B0}.Debug|x86.Build.0 = Debug|Win32
		{1ABF3E2A-7D24-40A6-A642-E6FF3C2960B0}.Release|x64.ActiveCfg = Release|x64
		{1ABF3E2A-7D24-40A6-A642-E6FF3C2960B0}.Release|x64.Build.0 = Release|x64
		{1ABF3E2A-7D24-40A6-A642-E6FF3C2960B0}.Release|x86.ActiveCfg = Release|Win32
		{1ABF3E2A-7D24-40A6-A642-E6FF3C2960B0}.Release|x86.Build.0 = Release|Win32
		{9460FFB7-B8ED-4A14-9C39-4CB367252546}.Debug|x64.ActiveCfg = Debug|x64
		{9460FFB7-B8ED-4A14-9C39-4CB367252546}.Debug|x64.Build.0 = Debug|x64
		{9460FFB7-B8ED-4A14-9C39-4CB367252546}.Debug|x86.ActiveCfg = Debug|Win32
		{9460FFB7-B8ED-4A14-9C39-4CB367252546}.Debug|x86.Build.0 = Debug|Win32
		{9460FFB7-B8ED-4A14-9C39-4CB367252546}.Release|x64.ActiveCfg = Release|x64
		{9460FFB7-B8ED-4A14-9C39-4CB367252546}.Release|x64.Build.0 = Release|x64
		{9460FFB7-B8ED-4A14-9C39-4CB367252546}.Release|x86.ActiveCfg = Release|Win32
		{9460FFB7-B8ED-4A14-9C39-4CB367252546}.Release|x86.Build.0 = Release|Win32
		{464A801C-A992-4955-8796-0E78B91760AB}.Debug|x64.ActiveCfg = Debug|x64
		{464A801C-A992-4955-8796-0E78B91760AB}.Debug|x64.Build.0 = Debug|x64
		{464A801C-A992-4955-8796-0E78B91760AB}.Debug|x86.ActiveCfg = Debug|Win32
		{464A801C-A992-4955-8796-0E78B91760AB}.Debug|x86.Build.0 = Debug|Win32
		{464A801C-A992-4955-8796-0E78B91760AB}.Release|x64.ActiveCfg = Release|x64
		{464A801C-A992-4955-8796-0E78B91760AB}.Release|x64.Build.0 = Release|x64
		{464A801C-A992-4955-8796-0E78B91760AB}.Release|x86.ActiveCfg = Release|Win32
		{464A801C-A992-4955-8796-0E78B91760AB}.Release|x86.Build.0 = Release|Win32
		{98D464CE-2292-4AC5-BC66-58271815E6BD}.Debug|x64.ActiveCfg = Debug|x64
		{98D464CE-2292-4AC5-BC66-58271815E6BD}.Debug|x64.Build.0 = Debug|x64
		{98D464CE-2292-4AC5-BC66-58271815E6BD}.Debug|x86.ActiveCfg = Debug|Win32
		{98D464CE-2292-4AC5-BC66-58271815E6BD}.Debug|x86.Build.0 = Debug|Win32
		{98D464CE-2292-4AC5-BC66-58271815E6BD}.Release|x64.ActiveCfg = Release|x64
		{98D464CE-2292-4AC5-BC66-58271815E6BD}.Release|x64.Build.0 = Release|x64
		{98D464CE-2292-4AC5-BC66-58271815E6BD}.Release|x86.ActiveCfg = Release|Win32
		{98D464CE-2292-4AC5-BC66-58271815E6BD}.Release|x86.Build.0 = Release|Win32
		{4B07FEE6-07FE-44DA-8119-89260542B26D}.Debug|x64.ActiveCfg = Debug|x64
		{4B07FEE6-07FE-44DA-8119-89260542B26D}.Debug|x64.Build.0 = Debug|x64
		{4B07FEE6-07FE-44DA-8119-89260542B26D}.Debug|x86.ActiveCfg = Debug|Win32
		{4B07FEE6-07FE-44DA-8119-89260542B26D}.Debug|x86.Build.0 = Debug|Win32
		{4B07FEE6-07FE-44DA-8119-89260542B26D}.Release|x64.ActiveCfg = Release|x64
		{4B07FEE6-07FE-44DA-8119-89260542B26D}.Release|x64.Build.0 = Release|x64
		{4B07FEE6-07FE-44DA-8119-89260542B26D}.Release|x86.ActiveCfg = Release|Win32
		{4B07FEE6-07FE-44DA-8119-89260542B26D}.Release|x86.Build.0 = Release|Win32
		{2580505D-AA6D-4C84-A532-E31C3B36B4BA}.Debug|x64.ActiveCfg = Debug|x64
		{2580505D-AA6D-4C84-A532-E31C3B36B4BA}.Debug|x64.Build.0 = Debug|x64
		{2580505D-AA6D-4C84-A532-E31C3B36B4BA}.Debug|x86.ActiveCfg = Debug|Win32
		{2580505D-AA6D-4C84-A532-E31C3B36B4BA}.Debug|x86.Build.0 = Debug|Win32
		{2580505D-AA6D-4C84-A532-E31C3B36B4BA}.Release|x64.ActiveCfg = Release|x64
		{2580505D-AA6D-4C84-A532-E31C3B36B4BA}.Release|x64.Build.0 = Release|x64
		{2580505D-AA6D-4C84-A532-E31C3B36B4BA}.Release|x86.ActiveCfg = Release|Win32
		{2580505D-AA6D-4C84-A532-E31C3B36B4BA}.Release|x86.Build.0 = Release|Win32
		{3211DC4D-8849-47B7-8AB3-0CF0FC54254F}.Debug|x64.ActiveCfg = Debug|x64
		{3211DC4D-8849-47B7-8AB3-0CF0FC54254F}.Debug|x64.Build.0 = Debug|x64
		{3211DC4D-8849-47B7-8AB3-0CF0FC54254F}.Debug|x86.ActiveCfg = Debug|Win32
		{3211DC4D-8849-47B7-8AB3-0CF0FC54254F}.Debug|x86.Build.0 = Debug|Win32
		{3211DC4D-8849-47B7-8AB3-0CF0FC54254F}.Release|x64.ActiveCfg = Release|x64
		{3211DC4D-8849-47B7-8AB3-0CF0FC54254F}.Release|x64.Build.0 = Release|x64
		{3211DC4D-8849-47B7-8AB3-0CF0FC54254F}.Release|x86.ActiveCfg = Release|Win32
		{3211DC4D-8849-47B7-8AB3-0CF0FC54254F}.Release|x86.Build.0 = Release|Win32
	EndGlobalSection
	GlobalSection(SolutionProperties) = preSolution
		HideSolutionNode = FALSE
	EndGlobalSection
	GlobalSection(ExtensibilityGlobals) = postSolution
		SolutionGuid = {33511820-01E7-4B36-8533-42AA5D46ACDD}
	EndGlobalSection
EndGlobal
