
Microsoft Visual Studio Solution File, Format Version 12.00
# Visual Studio Version 17
VisualStudioVersion = 17.7.34024.191
MinimumVisualStudioVersion = 10.0.40219.1
Project("{FAE04EC0-301F-11D3-BF4B-00C04F79EFBC}") = "Adapter", "Adapter\Adapter.csproj", "{7BDB9D97-D62B-41E8-8E2F-1562BE6C15A2}"
EndProject
Global
	GlobalSection(SolutionConfigurationPlatforms) = preSolution
		Debug|Any CPU = Debug|Any CPU
		Release|Any CPU = Release|Any CPU
	EndGlobalSection
	GlobalSection(ProjectConfigurationPlatforms) = postSolution
		{7BDB9D97-D62B-41E8-8E2F-1562BE6C15A2}.Debug|Any CPU.ActiveCfg = Debug|Any CPU
		{7BDB9D97-D62B-41E8-8E2F-1562BE6C15A2}.Debug|Any CPU.Build.0 = Debug|Any CPU
		{7BDB9D97-D62B-41E8-8E2F-1562BE6C15A2}.Release|Any CPU.ActiveCfg = Release|Any CPU
		{7BDB9D97-D62B-41E8-8E2F-1562BE6C15A2}.Release|Any CPU.Build.0 = Release|Any CPU
	EndGlobalSection
	GlobalSection(SolutionProperties) = preSolution
		HideSolutionNode = FALSE
	EndGlobalSection
	GlobalSection(ExtensibilityGlobals) = postSolution
		SolutionGuid = {2C3803C8-661D-4E92-A80A-79CCDD3D2AB1}
	EndGlobalSection
EndGlobal
