
Microsoft Visual Studio Solution File, Format Version 12.00
# Visual Studio Version 17
VisualStudioVersion = 17.7.34024.191
MinimumVisualStudioVersion = 10.0.40219.1
Project("{FAE04EC0-301F-11D3-BF4B-00C04F79EFBC}") = "Strategy_1", "Strategy_1\Strategy_1.csproj", "{A316D103-19A4-4ECD-800D-42938DA19BB5}"
EndProject
Global
	GlobalSection(SolutionConfigurationPlatforms) = preSolution
		Debug|Any CPU = Debug|Any CPU
		Release|Any CPU = Release|Any CPU
	EndGlobalSection
	GlobalSection(ProjectConfigurationPlatforms) = postSolution
		{A316D103-19A4-4ECD-800D-42938DA19BB5}.Debug|Any CPU.ActiveCfg = Debug|Any CPU
		{A316D103-19A4-4ECD-800D-42938DA19BB5}.Debug|Any CPU.Build.0 = Debug|Any CPU
		{A316D103-19A4-4ECD-800D-42938DA19BB5}.Release|Any CPU.ActiveCfg = Release|Any CPU
		{A316D103-19A4-4ECD-800D-42938DA19BB5}.Release|Any CPU.Build.0 = Release|Any CPU
	EndGlobalSection
	GlobalSection(SolutionProperties) = preSolution
		HideSolutionNode = FALSE
	EndGlobalSection
	GlobalSection(ExtensibilityGlobals) = postSolution
		SolutionGuid = {791302F3-69CA-49CC-9BA5-1225765C9CFB}
	EndGlobalSection
EndGlobal
