
Microsoft Visual Studio Solution File, Format Version 12.00
# Visual Studio Version 17
VisualStudioVersion = 17.7.34024.191
MinimumVisualStudioVersion = 10.0.40219.1
Project("{FAE04EC0-301F-11D3-BF4B-00C04F79EFBC}") = "Facade", "Facade\Facade.csproj", "{6571E88A-17AB-436F-ACB5-17D19C85B241}"
EndProject
Global
	GlobalSection(SolutionConfigurationPlatforms) = preSolution
		Debug|Any CPU = Debug|Any CPU
		Release|Any CPU = Release|Any CPU
	EndGlobalSection
	GlobalSection(ProjectConfigurationPlatforms) = postSolution
		{6571E88A-17AB-436F-ACB5-17D19C85B241}.Debug|Any CPU.ActiveCfg = Debug|Any CPU
		{6571E88A-17AB-436F-ACB5-17D19C85B241}.Debug|Any CPU.Build.0 = Debug|Any CPU
		{6571E88A-17AB-436F-ACB5-17D19C85B241}.Release|Any CPU.ActiveCfg = Release|Any CPU
		{6571E88A-17AB-436F-ACB5-17D19C85B241}.Release|Any CPU.Build.0 = Release|Any CPU
	EndGlobalSection
	GlobalSection(SolutionProperties) = preSolution
		HideSolutionNode = FALSE
	EndGlobalSection
	GlobalSection(ExtensibilityGlobals) = postSolution
		SolutionGuid = {70C1AF72-0C47-4B2F-B85B-167A898CD77A}
	EndGlobalSection
EndGlobal
