
Microsoft Visual Studio Solution File, Format Version 12.00
# Visual Studio Version 17
VisualStudioVersion = 17.7.34024.191
MinimumVisualStudioVersion = 10.0.40219.1
Project("{8BC9CEB8-8B4A-11D0-8D11-00A0C91BC942}") = "1", "1.vcxproj", "{41B7FA4B-98E9-4C32-81AA-7AC4B36B8F83}"
EndProject
Project("{8BC9CEB8-8B4A-11D0-8D11-00A0C91BC942}") = "2", "..\2\2.vcxproj", "{94504F21-C80D-4728-B672-8A6B7C272F54}"
EndProject
Project("{8BC9CEB8-8B4A-11D0-8D11-00A0C91BC942}") = "3", "..\3\3.vcxproj", "{1F0C54F6-84B5-48A7-AE09-AC6FDD70B47B}"
EndProject
Project("{8BC9CEB8-8B4A-11D0-8D11-00A0C91BC942}") = "4", "..\4\4.vcxproj", "{B6A6CE29-A085-4904-92A9-599FB1772D2E}"
EndProject
Project("{8BC9CEB8-8B4A-11D0-8D11-00A0C91BC942}") = "5_1", "..\5_1\5_1.vcxproj", "{B2B1C1CE-7D97-498E-84DC-02D1C2A61DDF}"
EndProject
Project("{8BC9CEB8-8B4A-11D0-8D11-00A0C91BC942}") = "5_2", "..\5_2\5_2.vcxproj", "{EF410A71-5628-4BD5-A3C2-D8611E22A446}"
EndProject
Project("{8BC9CEB8-8B4A-11D0-8D11-00A0C91BC942}") = "kr", "..\kr\kr.vcxproj", "{7B55BEF0-4266-46FE-8D27-3156E8BBF4C9}"
EndProject
Project("{8BC9CEB8-8B4A-11D0-8D11-00A0C91BC942}") = "kr1", "..\kr1\kr1.vcxproj", "{D8C41E86-54B8-477D-A058-B282AC0386C3}"
EndProject
Project("{8BC9CEB8-8B4A-11D0-8D11-00A0C91BC942}") = "kr2", "..\kr2\kr2.vcxproj", "{58AF7BC8-2E81-403F-865F-D0348C34841C}"
EndProject
Project("{8BC9CEB8-8B4A-11D0-8D11-00A0C91BC942}") = "kr3", "..\kr3\kr3.vcxproj", "{B869052C-0236-4308-B6A9-7BB12F512441}"
EndProject
Global
	GlobalSection(SolutionConfigurationPlatforms) = preSolution
		Debug|x64 = Debug|x64
		Debug|x86 = Debug|x86
		Release|x64 = Release|x64
		Release|x86 = Release|x86
	EndGlobalSection
	GlobalSection(ProjectConfigurationPlatforms) = postSolution
		{41B7FA4B-98E9-4C32-81AA-7AC4B36B8F83}.Debug|x64.ActiveCfg = Debug|x64
		{41B7FA4B-98E9-4C32-81AA-7AC4B36B8F83}.Debug|x64.Build.0 = Debug|x64
		{41B7FA4B-98E9-4C32-81AA-7AC4B36B8F83}.Debug|x86.ActiveCfg = Debug|Win32
		{41B7FA4B-98E9-4C32-81AA-7AC4B36B8F83}.Debug|x86.Build.0 = Debug|Win32
		{41B7FA4B-98E9-4C32-81AA-7AC4B36B8F83}.Release|x64.ActiveCfg = Release|x64
		{41B7FA4B-98E9-4C32-81AA-7AC4B36B8F83}.Release|x64.Build.0 = Release|x64
		{41B7FA4B-98E9-4C32-81AA-7AC4B36B8F83}.Release|x86.ActiveCfg = Release|Win32
		{41B7FA4B-98E9-4C32-81AA-7AC4B36B8F83}.Release|x86.Build.0 = Release|Win32
		{94504F21-C80D-4728-B672-8A6B7C272F54}.Debug|x64.ActiveCfg = Debug|x64
		{94504F21-C80D-4728-B672-8A6B7C272F54}.Debug|x64.Build.0 = Debug|x64
		{94504F21-C80D-4728-B672-8A6B7C272F54}.Debug|x86.ActiveCfg = Debug|Win32
		{94504F21-C80D-4728-B672-8A6B7C272F54}.Debug|x86.Build.0 = Debug|Win32
		{94504F21-C80D-4728-B672-8A6B7C272F54}.Release|x64.ActiveCfg = Release|x64
		{94504F21-C80D-4728-B672-8A6B7C272F54}.Release|x64.Build.0 = Release|x64
		{94504F21-C80D-4728-B672-8A6B7C272F54}.Release|x86.ActiveCfg = Release|Win32
		{94504F21-C80D-4728-B672-8A6B7C272F54}.Release|x86.Build.0 = Release|Win32
		{1F0C54F6-84B5-48A7-AE09-AC6FDD70B47B}.Debug|x64.ActiveCfg = Debug|x64
		{1F0C54F6-84B5-48A7-AE09-AC6FDD70B47B}.Debug|x64.Build.0 = Debug|x64
		{1F0C54F6-84B5-48A7-AE09-AC6FDD70B47B}.Debug|x86.ActiveCfg = Debug|Win32
		{1F0C54F6-84B5-48A7-AE09-AC6FDD70B47B}.Debug|x86.Build.0 = Debug|Win32
		{1F0C54F6-84B5-48A7-AE09-AC6FDD70B47B}.Release|x64.ActiveCfg = Release|x64
		{1F0C54F6-84B5-48A7-AE09-AC6FDD70B47B}.Release|x64.Build.0 = Release|x64
		{1F0C54F6-84B5-48A7-AE09-AC6FDD70B47B}.Release|x86.ActiveCfg = Release|Win32
		{1F0C54F6-84B5-48A7-AE09-AC6FDD70B47B}.Release|x86.Build.0 = Release|Win32
		{B6A6CE29-A085-4904-92A9-599FB1772D2E}.Debug|x64.ActiveCfg = Debug|x64
		{B6A6CE29-A085-4904-92A9-599FB1772D2E}.Debug|x64.Build.0 = Debug|x64
		{B6A6CE29-A085-4904-92A9-599FB1772D2E}.Debug|x86.ActiveCfg = Debug|Win32
		{B6A6CE29-A085-4904-92A9-599FB1772D2E}.Debug|x86.Build.0 = Debug|Win32
		{B6A6CE29-A085-4904-92A9-599FB1772D2E}.Release|x64.ActiveCfg = Release|x64
		{B6A6CE29-A085-4904-92A9-599FB1772D2E}.Release|x64.Build.0 = Release|x64
		{B6A6CE29-A085-4904-92A9-599FB1772D2E}.Release|x86.ActiveCfg = Release|Win32
		{B6A6CE29-A085-4904-92A9-599FB1772D2E}.Release|x86.Build.0 = Release|Win32
		{B2B1C1CE-7D97-498E-84DC-02D1C2A61DDF}.Debug|x64.ActiveCfg = Debug|x64
		{B2B1C1CE-7D97-498E-84DC-02D1C2A61DDF}.Debug|x64.Build.0 = Debug|x64
		{B2B1C1CE-7D97-498E-84DC-02D1C2A61DDF}.Debug|x86.ActiveCfg = Debug|Win32
		{B2B1C1CE-7D97-498E-84DC-02D1C2A61DDF}.Debug|x86.Build.0 = Debug|Win32
		{B2B1C1CE-7D97-498E-84DC-02D1C2A61DDF}.Release|x64.ActiveCfg = Release|x64
		{B2B1C1CE-7D97-498E-84DC-02D1C2A61DDF}.Release|x64.Build.0 = Release|x64
		{B2B1C1CE-7D97-498E-84DC-02D1C2A61DDF}.Release|x86.ActiveCfg = Release|Win32
		{B2B1C1CE-7D97-498E-84DC-02D1C2A61DDF}.Release|x86.Build.0 = Release|Win32
		{EF410A71-5628-4BD5-A3C2-D8611E22A446}.Debug|x64.ActiveCfg = Debug|x64
		{EF410A71-5628-4BD5-A3C2-D8611E22A446}.Debug|x64.Build.0 = Debug|x64
		{EF410A71-5628-4BD5-A3C2-D8611E22A446}.Debug|x86.ActiveCfg = Debug|Win32
		{EF410A71-5628-4BD5-A3C2-D8611E22A446}.Debug|x86.Build.0 = Debug|Win32
		{EF410A71-5628-4BD5-A3C2-D8611E22A446}.Release|x64.ActiveCfg = Release|x64
		{EF410A71-5628-4BD5-A3C2-D8611E22A446}.Release|x64.Build.0 = Release|x64
		{EF410A71-5628-4BD5-A3C2-D8611E22A446}.Release|x86.ActiveCfg = Release|Win32
		{EF410A71-5628-4BD5-A3C2-D8611E22A446}.Release|x86.Build.0 = Release|Win32
		{7B55BEF0-4266-46FE-8D27-3156E8BBF4C9}.Debug|x64.ActiveCfg = Debug|x64
		{7B55BEF0-4266-46FE-8D27-3156E8BBF4C9}.Debug|x64.Build.0 = Debug|x64
		{7B55BEF0-4266-46FE-8D27-3156E8BBF4C9}.Debug|x86.ActiveCfg = Debug|Win32
		{7B55BEF0-4266-46FE-8D27-3156E8BBF4C9}.Debug|x86.Build.0 = Debug|Win32
		{7B55BEF0-4266-46FE-8D27-3156E8BBF4C9}.Release|x64.ActiveCfg = Release|x64
		{7B55BEF0-4266-46FE-8D27-3156E8BBF4C9}.Release|x64.Build.0 = Release|x64
		{7B55BEF0-4266-46FE-8D27-3156E8BBF4C9}.Release|x86.ActiveCfg = Release|Win32
		{7B55BEF0-4266-46FE-8D27-3156E8BBF4C9}.Release|x86.Build.0 = Release|Win32
		{D8C41E86-54B8-477D-A058-B282AC0386C3}.Debug|x64.ActiveCfg = Debug|x64
		{D8C41E86-54B8-477D-A058-B282AC0386C3}.Debug|x64.Build.0 = Debug|x64
		{D8C41E86-54B8-477D-A058-B282AC0386C3}.Debug|x86.ActiveCfg = Debug|Win32
		{D8C41E86-54B8-477D-A058-B282AC0386C3}.Debug|x86.Build.0 = Debug|Win32
		{D8C41E86-54B8-477D-A058-B282AC0386C3}.Release|x64.ActiveCfg = Release|x64
		{D8C41E86-54B8-477D-A058-B282AC0386C3}.Release|x64.Build.0 = Release|x64
		{D8C41E86-54B8-477D-A058-B282AC0386C3}.Release|x86.ActiveCfg = Release|Win32
		{D8C41E86-54B8-477D-A058-B282AC0386C3}.Release|x86.Build.0 = Release|Win32
		{58AF7BC8-2E81-403F-865F-D0348C34841C}.Debug|x64.ActiveCfg = Debug|x64
		{58AF7BC8-2E81-403F-865F-D0348C34841C}.Debug|x64.Build.0 = Debug|x64
		{58AF7BC8-2E81-403F-865F-D0348C34841C}.Debug|x86.ActiveCfg = Debug|Win32
		{58AF7BC8-2E81-403F-865F-D0348C34841C}.Debug|x86.Build.0 = Debug|Win32
		{58AF7BC8-2E81-403F-865F-D0348C34841C}.Release|x64.ActiveCfg = Release|x64
		{58AF7BC8-2E81-403F-865F-D0348C34841C}.Release|x64.Build.0 = Release|x64
		{58AF7BC8-2E81-403F-865F-D0348C34841C}.Release|x86.ActiveCfg = Release|Win32
		{58AF7BC8-2E81-403F-865F-D0348C34841C}.Release|x86.Build.0 = Release|Win32
		{B869052C-0236-4308-B6A9-7BB12F512441}.Debug|x64.ActiveCfg = Debug|x64
		{B869052C-0236-4308-B6A9-7BB12F512441}.Debug|x64.Build.0 = Debug|x64
		{B869052C-0236-4308-B6A9-7BB12F512441}.Debug|x86.ActiveCfg = Debug|Win32
		{B869052C-0236-4308-B6A9-7BB12F512441}.Debug|x86.Build.0 = Debug|Win32
		{B869052C-0236-4308-B6A9-7BB12F512441}.Release|x64.ActiveCfg = Release|x64
		{B869052C-0236-4308-B6A9-7BB12F512441}.Release|x64.Build.0 = Release|x64
		{B869052C-0236-4308-B6A9-7BB12F512441}.Release|x86.ActiveCfg = Release|Win32
		{B869052C-0236-4308-B6A9-7BB12F512441}.Release|x86.Build.0 = Release|Win32
	EndGlobalSection
	GlobalSection(SolutionProperties) = preSolution
		HideSolutionNode = FALSE
	EndGlobalSection
	GlobalSection(ExtensibilityGlobals) = postSolution
		SolutionGuid = {31CB0176-76C4-4BB8-B39E-12229DCBFC3F}
	EndGlobalSection
EndGlobal
