
Microsoft Visual Studio Solution File, Format Version 12.00
# Visual Studio Version 17
VisualStudioVersion = 17.7.34024.191
MinimumVisualStudioVersion = 10.0.40219.1
Project("{FAE04EC0-301F-11D3-BF4B-00C04F79EFBC}") = "Factory Method", "Factory Method\Factory Method.csproj", "{7E359EF8-4654-470F-A4E6-D0967F3059C6}"
EndProject
Global
	GlobalSection(SolutionConfigurationPlatforms) = preSolution
		Debug|Any CPU = Debug|Any CPU
		Release|Any CPU = Release|Any CPU
	EndGlobalSection
	GlobalSection(ProjectConfigurationPlatforms) = postSolution
		{7E359EF8-4654-470F-A4E6-D0967F3059C6}.Debug|Any CPU.ActiveCfg = Debug|Any CPU
		{7E359EF8-4654-470F-A4E6-D0967F3059C6}.Debug|Any CPU.Build.0 = Debug|Any CPU
		{7E359EF8-4654-470F-A4E6-D0967F3059C6}.Release|Any CPU.ActiveCfg = Release|Any CPU
		{7E359EF8-4654-470F-A4E6-D0967F3059C6}.Release|Any CPU.Build.0 = Release|Any CPU
	EndGlobalSection
	GlobalSection(SolutionProperties) = preSolution
		HideSolutionNode = FALSE
	EndGlobalSection
	GlobalSection(ExtensibilityGlobals) = postSolution
		SolutionGuid = {FEE352C4-7F63-423E-909F-2B2BB394A7CF}
	EndGlobalSection
EndGlobal
