
Microsoft Visual Studio Solution File, Format Version 12.00
# Visual Studio Version 17
VisualStudioVersion = 17.7.34024.191
MinimumVisualStudioVersion = 10.0.40219.1
Project("{8BC9CEB8-8B4A-11D0-8D11-00A0C91BC942}") = "1", "1\1.vcxproj", "{17BE5CD4-0C23-48D1-8EC1-01C6530B52D2}"
EndProject
Global
	GlobalSection(SolutionConfigurationPlatforms) = preSolution
		Debug|x64 = Debug|x64
		Debug|x86 = Debug|x86
		Release|x64 = Release|x64
		Release|x86 = Release|x86
	EndGlobalSection
	GlobalSection(ProjectConfigurationPlatforms) = postSolution
		{17BE5CD4-0C23-48D1-8EC1-01C6530B52D2}.Debug|x64.ActiveCfg = Debug|x64
		{17BE5CD4-0C23-48D1-8EC1-01C6530B52D2}.Debug|x64.Build.0 = Debug|x64
		{17BE5CD4-0C23-48D1-8EC1-01C6530B52D2}.Debug|x86.ActiveCfg = Debug|Win32
		{17BE5CD4-0C23-48D1-8EC1-01C6530B52D2}.Debug|x86.Build.0 = Debug|Win32
		{17BE5CD4-0C23-48D1-8EC1-01C6530B52D2}.Release|x64.ActiveCfg = Release|x64
		{17BE5CD4-0C23-48D1-8EC1-01C6530B52D2}.Release|x64.Build.0 = Release|x64
		{17BE5CD4-0C23-48D1-8EC1-01C6530B52D2}.Release|x86.ActiveCfg = Release|Win32
		{17BE5CD4-0C23-48D1-8EC1-01C6530B52D2}.Release|x86.Build.0 = Release|Win32
	EndGlobalSection
	GlobalSection(SolutionProperties) = preSolution
		HideSolutionNode = FALSE
	EndGlobalSection
	GlobalSection(ExtensibilityGlobals) = postSolution
		SolutionGuid = {3365A373-2B73-41A3-990F-833E8362AF8E}
	EndGlobalSection
EndGlobal
